
Microsoft Visual Studio Solution File, Format Version 12.00
# Visual Studio Version 17
VisualStudioVersion = 17.8.34316.72
MinimumVisualStudioVersion = 10.0.40219.1
Project("{FAE04EC0-301F-11D3-BF4B-00C04F79EFBC}") = "infrastructure", "src\infrastructure\infrastructure.csproj", "{AC4BC845-433D-4B65-A921-29F25001984E}"
EndProject
Project("{FAE04EC0-301F-11D3-BF4B-00C04F79EFBC}") = "model", "src\model\model.csproj", "{B2B6EBA1-0BD2-43EC-804A-06C1312CEA55}"
EndProject
Project("{E53339B2-1760-4266-BCC7-CA923CBCF16C}") = "docker-compose", "docker-compose.dcproj", "{DD84CF62-5B78-4C6D-A8BA-FD98BBEBE9E9}"
EndProject
Project("{FAE04EC0-301F-11D3-BF4B-00C04F79EFBC}") = "client", "src\client\client.csproj", "{1E364EDE-A316-4457-8F63-E8F50159ACD9}"
EndProject
Project("{FAE04EC0-301F-11D3-BF4B-00C04F79EFBC}") = "agents", "src\agents\agents.csproj", "{AC3343D4-7227-4D9E-8A38-C707A6D93EF5}"
EndProject
Global
	GlobalSection(SolutionConfigurationPlatforms) = preSolution
		Debug|Any CPU = Debug|Any CPU
		Release|Any CPU = Release|Any CPU
	EndGlobalSection
	GlobalSection(ProjectConfigurationPlatforms) = postSolution
		{AC4BC845-433D-4B65-A921-29F25001984E}.Debug|Any CPU.ActiveCfg = Debug|Any CPU
		{AC4BC845-433D-4B65-A921-29F25001984E}.Debug|Any CPU.Build.0 = Debug|Any CPU
		{AC4BC845-433D-4B65-A921-29F25001984E}.Release|Any CPU.ActiveCfg = Release|Any CPU
		{AC4BC845-433D-4B65-A921-29F25001984E}.Release|Any CPU.Build.0 = Release|Any CPU
		{B2B6EBA1-0BD2-43EC-804A-06C1312CEA55}.Debug|Any CPU.ActiveCfg = Debug|Any CPU
		{B2B6EBA1-0BD2-43EC-804A-06C1312CEA55}.Debug|Any CPU.Build.0 = Debug|Any CPU
		{B2B6EBA1-0BD2-43EC-804A-06C1312CEA55}.Release|Any CPU.ActiveCfg = Release|Any CPU
		{B2B6EBA1-0BD2-43EC-804A-06C1312CEA55}.Release|Any CPU.Build.0 = Release|Any CPU
		{DD84CF62-5B78-4C6D-A8BA-FD98BBEBE9E9}.Debug|Any CPU.ActiveCfg = Debug|Any CPU
		{DD84CF62-5B78-4C6D-A8BA-FD98BBEBE9E9}.Debug|Any CPU.Build.0 = Debug|Any CPU
		{DD84CF62-5B78-4C6D-A8BA-FD98BBEBE9E9}.Release|Any CPU.ActiveCfg = Release|Any CPU
		{DD84CF62-5B78-4C6D-A8BA-FD98BBEBE9E9}.Release|Any CPU.Build.0 = Release|Any CPU
		{1E364EDE-A316-4457-8F63-E8F50159ACD9}.Debug|Any CPU.ActiveCfg = Debug|Any CPU
		{1E364EDE-A316-4457-8F63-E8F50159ACD9}.Debug|Any CPU.Build.0 = Debug|Any CPU
		{1E364EDE-A316-4457-8F63-E8F50159ACD9}.Release|Any CPU.ActiveCfg = Release|Any CPU
		{1E364EDE-A316-4457-8F63-E8F50159ACD9}.Release|Any CPU.Build.0 = Release|Any CPU
		{AC3343D4-7227-4D9E-8A38-C707A6D93EF5}.Debug|Any CPU.ActiveCfg = Debug|Any CPU
		{AC3343D4-7227-4D9E-8A38-C707A6D93EF5}.Debug|Any CPU.Build.0 = Debug|Any CPU
		{AC3343D4-7227-4D9E-8A38-C707A6D93EF5}.Release|Any CPU.ActiveCfg = Release|Any CPU
		{AC3343D4-7227-4D9E-8A38-C707A6D93EF5}.Release|Any CPU.Build.0 = Release|Any CPU
	EndGlobalSection
	GlobalSection(SolutionProperties) = preSolution
		HideSolutionNode = FALSE
	EndGlobalSection
	GlobalSection(ExtensibilityGlobals) = postSolution
		SolutionGuid = {ADA82D92-6241-4E70-9A3E-F484708B4B51}
	EndGlobalSection
EndGlobal
